
Microsoft Visual Studio Solution File, Format Version 12.00
# Visual Studio Version 16
VisualStudioVersion = 16.0.31624.102
MinimumVisualStudioVersion = 10.0.40219.1
Project("{FAE04EC0-301F-11D3-BF4B-00C04F79EFBC}") = "ReactPeopleBasics", "ReactPeopleBasics\ReactPeopleBasics.csproj", "{C32A1997-7809-4844-8387-71399559A188}"
EndProject
Global
	GlobalSection(SolutionConfigurationPlatforms) = preSolution
		Debug|Any CPU = Debug|Any CPU
		Release|Any CPU = Release|Any CPU
	EndGlobalSection
	GlobalSection(ProjectConfigurationPlatforms) = postSolution
		{C32A1997-7809-4844-8387-71399559A188}.Debug|Any CPU.ActiveCfg = Debug|Any CPU
		{C32A1997-7809-4844-8387-71399559A188}.Debug|Any CPU.Build.0 = Debug|Any CPU
		{C32A1997-7809-4844-8387-71399559A188}.Release|Any CPU.ActiveCfg = Release|Any CPU
		{C32A1997-7809-4844-8387-71399559A188}.Release|Any CPU.Build.0 = Release|Any CPU
	EndGlobalSection
	GlobalSection(SolutionProperties) = preSolution
		HideSolutionNode = FALSE
	EndGlobalSection
	GlobalSection(ExtensibilityGlobals) = postSolution
		SolutionGuid = {C6E6F006-E621-49F2-8F0C-074F4774D37A}
	EndGlobalSection
EndGlobal
